
Microsoft Visual Studio Solution File, Format Version 12.00
# Visual Studio Version 17
VisualStudioVersion = 17.7.34031.279
MinimumVisualStudioVersion = 10.0.40219.1
Project("{2150E333-8FDC-42A3-9474-1A3956D46DE8}") = "src", "src", "{48F22490-34F1-4295-8BAF-9A34C9855FBD}"
EndProject
Project("{2150E333-8FDC-42A3-9474-1A3956D46DE8}") = "1 - Services", "1 - Services", "{60C85A7F-4CA7-49D1-A1D3-C650FB9FAABB}"
EndProject
Project("{9A19103F-16F7-4668-BE54-9A1E7A4F7556}") = "Api", "api-rauscher\Api\Api.csproj", "{41D700A8-9918-40FA-BB0C-74AB6673BC81}"
EndProject
Project("{2150E333-8FDC-42A3-9474-1A3956D46DE8}") = "2 - Application", "2 - Application", "{974F5972-2D37-4A36-B2E4-9DF92C1F7891}"
EndProject
Project("{9A19103F-16F7-4668-BE54-9A1E7A4F7556}") = "Application", "api-rauscher\Application\Application.csproj", "{A7F8B71D-9F01-42E5-B37D-197BCFEBB1EA}"
EndProject
Project("{2150E333-8FDC-42A3-9474-1A3956D46DE8}") = "3 - Domain", "3 - Domain", "{0D0EE226-38E0-49C9-888E-33A1976D2244}"
EndProject
Project("{9A19103F-16F7-4668-BE54-9A1E7A4F7556}") = "Domain", "api-rauscher\Domain\Domain.csproj", "{D78E752E-7F56-4C95-ACAE-0CAC19BF351B}"
EndProject
Project("{9A19103F-16F7-4668-BE54-9A1E7A4F7556}") = "Domain.Core", "api-rauscher\Domain.Core\Domain.Core.csproj", "{58E317E9-2FAB-4776-8B66-F6DA6CB74161}"
EndProject
Project("{2150E333-8FDC-42A3-9474-1A3956D46DE8}") = "4 - Infra", "4 - Infra", "{07394689-747E-410D-9307-030762D86E8D}"
EndProject
Project("{2150E333-8FDC-42A3-9474-1A3956D46DE8}") = "4.1 - Data", "4.1 - Data", "{A2BC8A85-6E54-4BB9-B350-388267CF734D}"
EndProject
Project("{9A19103F-16F7-4668-BE54-9A1E7A4F7556}") = "Data", "api-rauscher\Data\Data.csproj", "{3D664E61-5DCE-4088-B7E4-7ED5519D5BE6}"
EndProject
Project("{2150E333-8FDC-42A3-9474-1A3956D46DE8}") = "4.2 - CrossCutting", "4.2 - CrossCutting", "{33E209FF-CD11-44A2-B530-161FACC80DD4}"
EndProject
Project("{9A19103F-16F7-4668-BE54-9A1E7A4F7556}") = "CrossCutting.Bus", "api-rauscher\CrossCutting.Bus\CrossCutting.Bus.csproj", "{D0E2345D-B615-47DE-AEB6-D08FEFF257C4}"
EndProject
Project("{9A19103F-16F7-4668-BE54-9A1E7A4F7556}") = "CrossCutting.IoC", "api-rauscher\CrossCutting.IoC\CrossCutting.IoC.csproj", "{A74F1178-C33F-41D8-AA27-319DFC46891B}"
EndProject
Project("{2150E333-8FDC-42A3-9474-1A3956D46DE8}") = "5 - Authentication", "5 - Authentication", "{7A4C4F9C-AF62-47CC-9A4D-445B18812D7F}"
EndProject
Project("{9A19103F-16F7-4668-BE54-9A1E7A4F7556}") = "APIs.Security.JWT", "api-rauscher\APIs.Security.JWT\APIs.Security.JWT.csproj", "{A91685C0-5C48-4EC2-A223-46C6B28009D6}"
EndProject
Project("{9A19103F-16F7-4668-BE54-9A1E7A4F7556}") = "Data.Commoditites.Api", "api-rauscher\Data.Commodities\Data.Commoditites.Api\Data.Commoditites.Api.csproj", "{10C6D887-857B-46AC-8A21-DC6C3EE656FF}"
EndProject
Project("{2150E333-8FDC-42A3-9474-1A3956D46DE8}") = "4.3 - Commodities", "4.3 - Commodities", "{9B0AFBF3-7460-447F-9C8D-D3823BF31C24}"
EndProject
Project("{2150E333-8FDC-42A3-9474-1A3956D46DE8}") = "4.4 - Stripe", "4.4 - Stripe", "{6A2FA8E2-22AB-4BE1-82F8-0B2C97887001}"
EndProject
Global
	GlobalSection(SolutionConfigurationPlatforms) = preSolution
		Debug|Any CPU = Debug|Any CPU
		Release|Any CPU = Release|Any CPU
	EndGlobalSection
	GlobalSection(ProjectConfigurationPlatforms) = postSolution
		{41D700A8-9918-40FA-BB0C-74AB6673BC81}.Debug|Any CPU.ActiveCfg = Debug|Any CPU
		{41D700A8-9918-40FA-BB0C-74AB6673BC81}.Debug|Any CPU.Build.0 = Debug|Any CPU
		{41D700A8-9918-40FA-BB0C-74AB6673BC81}.Release|Any CPU.ActiveCfg = Release|Any CPU
		{41D700A8-9918-40FA-BB0C-74AB6673BC81}.Release|Any CPU.Build.0 = Release|Any CPU
		{A7F8B71D-9F01-42E5-B37D-197BCFEBB1EA}.Debug|Any CPU.ActiveCfg = Debug|Any CPU
		{A7F8B71D-9F01-42E5-B37D-197BCFEBB1EA}.Debug|Any CPU.Build.0 = Debug|Any CPU
		{A7F8B71D-9F01-42E5-B37D-197BCFEBB1EA}.Release|Any CPU.ActiveCfg = Release|Any CPU
		{A7F8B71D-9F01-42E5-B37D-197BCFEBB1EA}.Release|Any CPU.Build.0 = Release|Any CPU
		{D78E752E-7F56-4C95-ACAE-0CAC19BF351B}.Debug|Any CPU.ActiveCfg = Debug|Any CPU
		{D78E752E-7F56-4C95-ACAE-0CAC19BF351B}.Debug|Any CPU.Build.0 = Debug|Any CPU
		{D78E752E-7F56-4C95-ACAE-0CAC19BF351B}.Release|Any CPU.ActiveCfg = Release|Any CPU
		{D78E752E-7F56-4C95-ACAE-0CAC19BF351B}.Release|Any CPU.Build.0 = Release|Any CPU
		{58E317E9-2FAB-4776-8B66-F6DA6CB74161}.Debug|Any CPU.ActiveCfg = Debug|Any CPU
		{58E317E9-2FAB-4776-8B66-F6DA6CB74161}.Debug|Any CPU.Build.0 = Debug|Any CPU
		{58E317E9-2FAB-4776-8B66-F6DA6CB74161}.Release|Any CPU.ActiveCfg = Release|Any CPU
		{58E317E9-2FAB-4776-8B66-F6DA6CB74161}.Release|Any CPU.Build.0 = Release|Any CPU
		{3D664E61-5DCE-4088-B7E4-7ED5519D5BE6}.Debug|Any CPU.ActiveCfg = Debug|Any CPU
		{3D664E61-5DCE-4088-B7E4-7ED5519D5BE6}.Debug|Any CPU.Build.0 = Debug|Any CPU
		{3D664E61-5DCE-4088-B7E4-7ED5519D5BE6}.Release|Any CPU.ActiveCfg = Release|Any CPU
		{3D664E61-5DCE-4088-B7E4-7ED5519D5BE6}.Release|Any CPU.Build.0 = Release|Any CPU
		{D0E2345D-B615-47DE-AEB6-D08FEFF257C4}.Debug|Any CPU.ActiveCfg = Debug|Any CPU
		{D0E2345D-B615-47DE-AEB6-D08FEFF257C4}.Debug|Any CPU.Build.0 = Debug|Any CPU
		{D0E2345D-B615-47DE-AEB6-D08FEFF257C4}.Release|Any CPU.ActiveCfg = Release|Any CPU
		{D0E2345D-B615-47DE-AEB6-D08FEFF257C4}.Release|Any CPU.Build.0 = Release|Any CPU
		{A74F1178-C33F-41D8-AA27-319DFC46891B}.Debug|Any CPU.ActiveCfg = Debug|Any CPU
		{A74F1178-C33F-41D8-AA27-319DFC46891B}.Debug|Any CPU.Build.0 = Debug|Any CPU
		{A74F1178-C33F-41D8-AA27-319DFC46891B}.Release|Any CPU.ActiveCfg = Release|Any CPU
		{A74F1178-C33F-41D8-AA27-319DFC46891B}.Release|Any CPU.Build.0 = Release|Any CPU
		{A91685C0-5C48-4EC2-A223-46C6B28009D6}.Debug|Any CPU.ActiveCfg = Debug|Any CPU
		{A91685C0-5C48-4EC2-A223-46C6B28009D6}.Debug|Any CPU.Build.0 = Debug|Any CPU
		{A91685C0-5C48-4EC2-A223-46C6B28009D6}.Release|Any CPU.ActiveCfg = Release|Any CPU
		{A91685C0-5C48-4EC2-A223-46C6B28009D6}.Release|Any CPU.Build.0 = Release|Any CPU
		{10C6D887-857B-46AC-8A21-DC6C3EE656FF}.Debug|Any CPU.ActiveCfg = Debug|Any CPU
		{10C6D887-857B-46AC-8A21-DC6C3EE656FF}.Debug|Any CPU.Build.0 = Debug|Any CPU
		{10C6D887-857B-46AC-8A21-DC6C3EE656FF}.Release|Any CPU.ActiveCfg = Release|Any CPU
		{10C6D887-857B-46AC-8A21-DC6C3EE656FF}.Release|Any CPU.Build.0 = Release|Any CPU
	EndGlobalSection
	GlobalSection(SolutionProperties) = preSolution
		HideSolutionNode = FALSE
	EndGlobalSection
	GlobalSection(NestedProjects) = preSolution
		{60C85A7F-4CA7-49D1-A1D3-C650FB9FAABB} = {48F22490-34F1-4295-8BAF-9A34C9855FBD}
		{41D700A8-9918-40FA-BB0C-74AB6673BC81} = {60C85A7F-4CA7-49D1-A1D3-C650FB9FAABB}
		{974F5972-2D37-4A36-B2E4-9DF92C1F7891} = {48F22490-34F1-4295-8BAF-9A34C9855FBD}
		{A7F8B71D-9F01-42E5-B37D-197BCFEBB1EA} = {974F5972-2D37-4A36-B2E4-9DF92C1F7891}
		{0D0EE226-38E0-49C9-888E-33A1976D2244} = {48F22490-34F1-4295-8BAF-9A34C9855FBD}
		{D78E752E-7F56-4C95-ACAE-0CAC19BF351B} = {0D0EE226-38E0-49C9-888E-33A1976D2244}
		{58E317E9-2FAB-4776-8B66-F6DA6CB74161} = {0D0EE226-38E0-49C9-888E-33A1976D2244}
		{07394689-747E-410D-9307-030762D86E8D} = {48F22490-34F1-4295-8BAF-9A34C9855FBD}
		{A2BC8A85-6E54-4BB9-B350-388267CF734D} = {07394689-747E-410D-9307-030762D86E8D}
		{3D664E61-5DCE-4088-B7E4-7ED5519D5BE6} = {A2BC8A85-6E54-4BB9-B350-388267CF734D}
		{33E209FF-CD11-44A2-B530-161FACC80DD4} = {07394689-747E-410D-9307-030762D86E8D}
		{D0E2345D-B615-47DE-AEB6-D08FEFF257C4} = {33E209FF-CD11-44A2-B530-161FACC80DD4}
		{A74F1178-C33F-41D8-AA27-319DFC46891B} = {33E209FF-CD11-44A2-B530-161FACC80DD4}
		{7A4C4F9C-AF62-47CC-9A4D-445B18812D7F} = {48F22490-34F1-4295-8BAF-9A34C9855FBD}
		{A91685C0-5C48-4EC2-A223-46C6B28009D6} = {7A4C4F9C-AF62-47CC-9A4D-445B18812D7F}
		{10C6D887-857B-46AC-8A21-DC6C3EE656FF} = {9B0AFBF3-7460-447F-9C8D-D3823BF31C24}
		{9B0AFBF3-7460-447F-9C8D-D3823BF31C24} = {07394689-747E-410D-9307-030762D86E8D}
		{6A2FA8E2-22AB-4BE1-82F8-0B2C97887001} = {07394689-747E-410D-9307-030762D86E8D}
	EndGlobalSection
	GlobalSection(ExtensibilityGlobals) = postSolution
		SolutionGuid = {AC74E1D8-823B-4022-B974-BA9E71D491A1}
	EndGlobalSection
EndGlobal
